
Microsoft Visual Studio Solution File, Format Version 12.00
# Visual Studio Version 16
VisualStudioVersion = 16.0.33027.164
MinimumVisualStudioVersion = 10.0.40219.1
Project("{FAE04EC0-301F-11D3-BF4B-00C04F79EFBC}") = "Q_3_Linked_List", "Q_3_Linked_List\Q_3_Linked_List.csproj", "{5495C760-2CB9-4A5D-B291-5066D6CA2266}"
EndProject
Global
	GlobalSection(SolutionConfigurationPlatforms) = preSolution
		Debug|Any CPU = Debug|Any CPU
		Release|Any CPU = Release|Any CPU
	EndGlobalSection
	GlobalSection(ProjectConfigurationPlatforms) = postSolution
		{5495C760-2CB9-4A5D-B291-5066D6CA2266}.Debug|Any CPU.ActiveCfg = Debug|Any CPU
		{5495C760-2CB9-4A5D-B291-5066D6CA2266}.Debug|Any CPU.Build.0 = Debug|Any CPU
		{5495C760-2CB9-4A5D-B291-5066D6CA2266}.Release|Any CPU.ActiveCfg = Release|Any CPU
		{5495C760-2CB9-4A5D-B291-5066D6CA2266}.Release|Any CPU.Build.0 = Release|Any CPU
	EndGlobalSection
	GlobalSection(SolutionProperties) = preSolution
		HideSolutionNode = FALSE
	EndGlobalSection
	GlobalSection(ExtensibilityGlobals) = postSolution
		SolutionGuid = {FE71636C-3F84-46BE-996E-4FA710102627}
	EndGlobalSection
EndGlobal
