
Microsoft Visual Studio Solution File, Format Version 12.00
# Visual Studio Version 16
VisualStudioVersion = 16.0.33027.164
MinimumVisualStudioVersion = 10.0.40219.1
Project("{FAE04EC0-301F-11D3-BF4B-00C04F79EFBC}") = "Assignment_5_q_4", "Assignment_5_q_4\Assignment_5_q_4.csproj", "{4EEE2525-FFAD-447D-BD0B-85C752CCFE79}"
EndProject
Global
	GlobalSection(SolutionConfigurationPlatforms) = preSolution
		Debug|Any CPU = Debug|Any CPU
		Release|Any CPU = Release|Any CPU
	EndGlobalSection
	GlobalSection(ProjectConfigurationPlatforms) = postSolution
		{4EEE2525-FFAD-447D-BD0B-85C752CCFE79}.Debug|Any CPU.ActiveCfg = Debug|Any CPU
		{4EEE2525-FFAD-447D-BD0B-85C752CCFE79}.Debug|Any CPU.Build.0 = Debug|Any CPU
		{4EEE2525-FFAD-447D-BD0B-85C752CCFE79}.Release|Any CPU.ActiveCfg = Release|Any CPU
		{4EEE2525-FFAD-447D-BD0B-85C752CCFE79}.Release|Any CPU.Build.0 = Release|Any CPU
	EndGlobalSection
	GlobalSection(SolutionProperties) = preSolution
		HideSolutionNode = FALSE
	EndGlobalSection
	GlobalSection(ExtensibilityGlobals) = postSolution
		SolutionGuid = {521526FB-85DD-4F4D-856E-75A0F2755747}
	EndGlobalSection
EndGlobal
