
Microsoft Visual Studio Solution File, Format Version 12.00
# Visual Studio Version 16
VisualStudioVersion = 16.0.33027.164
MinimumVisualStudioVersion = 10.0.40219.1
Project("{FAE04EC0-301F-11D3-BF4B-00C04F79EFBC}") = "Assignment_5_q_3", "Assignment_5_q_3\Assignment_5_q_3.csproj", "{E32820FA-72C4-48BD-A03B-32DE84012ABC}"
EndProject
Global
	GlobalSection(SolutionConfigurationPlatforms) = preSolution
		Debug|Any CPU = Debug|Any CPU
		Release|Any CPU = Release|Any CPU
	EndGlobalSection
	GlobalSection(ProjectConfigurationPlatforms) = postSolution
		{E32820FA-72C4-48BD-A03B-32DE84012ABC}.Debug|Any CPU.ActiveCfg = Debug|Any CPU
		{E32820FA-72C4-48BD-A03B-32DE84012ABC}.Debug|Any CPU.Build.0 = Debug|Any CPU
		{E32820FA-72C4-48BD-A03B-32DE84012ABC}.Release|Any CPU.ActiveCfg = Release|Any CPU
		{E32820FA-72C4-48BD-A03B-32DE84012ABC}.Release|Any CPU.Build.0 = Release|Any CPU
	EndGlobalSection
	GlobalSection(SolutionProperties) = preSolution
		HideSolutionNode = FALSE
	EndGlobalSection
	GlobalSection(ExtensibilityGlobals) = postSolution
		SolutionGuid = {7A873ED8-45B0-4B9E-AC63-235B3280A7EB}
	EndGlobalSection
EndGlobal
